
Microsoft Visual Studio Solution File, Format Version 12.00
# Visual Studio Version 16
VisualStudioVersion = 16.0.29519.181
MinimumVisualStudioVersion = 10.0.40219.1
Project("{E24C65DC-7377-472B-9ABA-BC803B73C61A}") = "Tourism", ".", "{0B5E2CDB-DE47-413B-8D19-B200D4BE4F40}"
	ProjectSection(WebsiteProperties) = preProject
		TargetFrameworkMoniker = ".NETFramework,Version%3Dv4.0"
		Debug.AspNetCompiler.VirtualPath = "/localhost_31561"
		Debug.AspNetCompiler.PhysicalPath = "..\..\..\..\..\MS.Net Projects\Tourism-Management-System-Asp\Source-Code-Tourism\Tourism\"
		Debug.AspNetCompiler.TargetPath = "PrecompiledWeb\localhost_31561\"
		Debug.AspNetCompiler.Updateable = "true"
		Debug.AspNetCompiler.ForceOverwrite = "true"
		Debug.AspNetCompiler.FixedNames = "false"
		Debug.AspNetCompiler.Debug = "True"
		Release.AspNetCompiler.VirtualPath = "/localhost_31561"
		Release.AspNetCompiler.PhysicalPath = "..\..\..\..\..\MS.Net Projects\Tourism-Management-System-Asp\Source-Code-Tourism\Tourism\"
		Release.AspNetCompiler.TargetPath = "PrecompiledWeb\localhost_31561\"
		Release.AspNetCompiler.Updateable = "true"
		Release.AspNetCompiler.ForceOverwrite = "true"
		Release.AspNetCompiler.FixedNames = "false"
		Release.AspNetCompiler.Debug = "False"
		VWDPort = "31561"
	EndProjectSection
EndProject
Global
	GlobalSection(SolutionConfigurationPlatforms) = preSolution
		Debug|Any CPU = Debug|Any CPU
	EndGlobalSection
	GlobalSection(ProjectConfigurationPlatforms) = postSolution
		{0B5E2CDB-DE47-413B-8D19-B200D4BE4F40}.Debug|Any CPU.ActiveCfg = Debug|Any CPU
		{0B5E2CDB-DE47-413B-8D19-B200D4BE4F40}.Debug|Any CPU.Build.0 = Debug|Any CPU
	EndGlobalSection
	GlobalSection(SolutionProperties) = preSolution
		HideSolutionNode = FALSE
	EndGlobalSection
	GlobalSection(ExtensibilityGlobals) = postSolution
		SolutionGuid = {4CAD86F0-8DB7-4417-B325-0DBDF1664677}
	EndGlobalSection
EndGlobal
